
Microsoft Visual Studio Solution File, Format Version 12.00
# Visual Studio Version 17
VisualStudioVersion = 17.11.35219.272
MinimumVisualStudioVersion = 10.0.40219.1
Project("{FAE04EC0-301F-11D3-BF4B-00C04F79EFBC}") = "Homework_9", "Homework_9\Homework_9.csproj", "{09E39843-7203-493D-B8EE-80F31BE32780}"
EndProject
Global
	GlobalSection(SolutionConfigurationPlatforms) = preSolution
		Debug|Any CPU = Debug|Any CPU
		Release|Any CPU = Release|Any CPU
	EndGlobalSection
	GlobalSection(ProjectConfigurationPlatforms) = postSolution
		{09E39843-7203-493D-B8EE-80F31BE32780}.Debug|Any CPU.ActiveCfg = Debug|Any CPU
		{09E39843-7203-493D-B8EE-80F31BE32780}.Debug|Any CPU.Build.0 = Debug|Any CPU
		{09E39843-7203-493D-B8EE-80F31BE32780}.Release|Any CPU.ActiveCfg = Release|Any CPU
		{09E39843-7203-493D-B8EE-80F31BE32780}.Release|Any CPU.Build.0 = Release|Any CPU
	EndGlobalSection
	GlobalSection(SolutionProperties) = preSolution
		HideSolutionNode = FALSE
	EndGlobalSection
	GlobalSection(ExtensibilityGlobals) = postSolution
		SolutionGuid = {DB9AA504-AABB-4099-BE22-092ABD4CCE88}
	EndGlobalSection
EndGlobal
